
Microsoft Visual Studio Solution File, Format Version 12.00
# Visual Studio Version 16
VisualStudioVersion = 16.0.34301.259
MinimumVisualStudioVersion = 10.0.40219.1
Project("{FAE04EC0-301F-11D3-BF4B-00C04F79EFBC}") = "View", "View.csproj", "{326EBBC2-6C55-49E2-9040-9B47DF3E9025}"
EndProject
Project("{FAE04EC0-301F-11D3-BF4B-00C04F79EFBC}") = "Model", "..\Model\Model.csproj", "{23821B35-DAA1-49F6-A746-43FEC66E798F}"
EndProject
Project("{FAE04EC0-301F-11D3-BF4B-00C04F79EFBC}") = "Controller", "..\Controller\Controller.csproj", "{5F90D403-3FBB-4032-B9AC-414374E39732}"
EndProject
Project("{FAE04EC0-301F-11D3-BF4B-00C04F79EFBC}") = "ConectionBD", "..\Conection\ConectionBD.csproj", "{418AEA24-EAF5-43C1-824F-B35C98C8B1C6}"
EndProject
Global
	GlobalSection(SolutionConfigurationPlatforms) = preSolution
		Debug|Any CPU = Debug|Any CPU
		Release|Any CPU = Release|Any CPU
	EndGlobalSection
	GlobalSection(ProjectConfigurationPlatforms) = postSolution
		{326EBBC2-6C55-49E2-9040-9B47DF3E9025}.Debug|Any CPU.ActiveCfg = Debug|Any CPU
		{326EBBC2-6C55-49E2-9040-9B47DF3E9025}.Debug|Any CPU.Build.0 = Debug|Any CPU
		{326EBBC2-6C55-49E2-9040-9B47DF3E9025}.Release|Any CPU.ActiveCfg = Release|Any CPU
		{326EBBC2-6C55-49E2-9040-9B47DF3E9025}.Release|Any CPU.Build.0 = Release|Any CPU
		{23821B35-DAA1-49F6-A746-43FEC66E798F}.Debug|Any CPU.ActiveCfg = Debug|Any CPU
		{23821B35-DAA1-49F6-A746-43FEC66E798F}.Debug|Any CPU.Build.0 = Debug|Any CPU
		{23821B35-DAA1-49F6-A746-43FEC66E798F}.Release|Any CPU.ActiveCfg = Release|Any CPU
		{23821B35-DAA1-49F6-A746-43FEC66E798F}.Release|Any CPU.Build.0 = Release|Any CPU
		{5F90D403-3FBB-4032-B9AC-414374E39732}.Debug|Any CPU.ActiveCfg = Debug|Any CPU
		{5F90D403-3FBB-4032-B9AC-414374E39732}.Debug|Any CPU.Build.0 = Debug|Any CPU
		{5F90D403-3FBB-4032-B9AC-414374E39732}.Release|Any CPU.ActiveCfg = Release|Any CPU
		{5F90D403-3FBB-4032-B9AC-414374E39732}.Release|Any CPU.Build.0 = Release|Any CPU
		{418AEA24-EAF5-43C1-824F-B35C98C8B1C6}.Debug|Any CPU.ActiveCfg = Debug|Any CPU
		{418AEA24-EAF5-43C1-824F-B35C98C8B1C6}.Debug|Any CPU.Build.0 = Debug|Any CPU
		{418AEA24-EAF5-43C1-824F-B35C98C8B1C6}.Release|Any CPU.ActiveCfg = Release|Any CPU
		{418AEA24-EAF5-43C1-824F-B35C98C8B1C6}.Release|Any CPU.Build.0 = Release|Any CPU
	EndGlobalSection
	GlobalSection(SolutionProperties) = preSolution
		HideSolutionNode = FALSE
	EndGlobalSection
	GlobalSection(ExtensibilityGlobals) = postSolution
		SolutionGuid = {27C820C0-A907-471F-B28F-B36DE9CCDDCE}
	EndGlobalSection
EndGlobal
